
Microsoft Visual Studio Solution File, Format Version 12.00
# Visual Studio Version 17
VisualStudioVersion = 17.11.35431.28
MinimumVisualStudioVersion = 10.0.40219.1
Project("{9A19103F-16F7-4668-BE54-9A1E7A4F7556}") = "BulkyWeb", "BulkyWeb.csproj", "{47419EDF-9299-4B45-A1EC-CDE1B1CA8B09}"
EndProject
Project("{FAE04EC0-301F-11D3-BF4B-00C04F79EFBC}") = "BulkyWebRazor_Temp", "..\BulkyWebRazor_Temp\BulkyWebRazor_Temp.csproj", "{53DD464C-9865-43E4-A4ED-59C8CB6B46BF}"
EndProject
Global
	GlobalSection(SolutionConfigurationPlatforms) = preSolution
		Debug|Any CPU = Debug|Any CPU
		Release|Any CPU = Release|Any CPU
	EndGlobalSection
	GlobalSection(ProjectConfigurationPlatforms) = postSolution
		{47419EDF-9299-4B45-A1EC-CDE1B1CA8B09}.Debug|Any CPU.ActiveCfg = Debug|Any CPU
		{47419EDF-9299-4B45-A1EC-CDE1B1CA8B09}.Debug|Any CPU.Build.0 = Debug|Any CPU
		{47419EDF-9299-4B45-A1EC-CDE1B1CA8B09}.Release|Any CPU.ActiveCfg = Release|Any CPU
		{47419EDF-9299-4B45-A1EC-CDE1B1CA8B09}.Release|Any CPU.Build.0 = Release|Any CPU
		{53DD464C-9865-43E4-A4ED-59C8CB6B46BF}.Debug|Any CPU.ActiveCfg = Debug|Any CPU
		{53DD464C-9865-43E4-A4ED-59C8CB6B46BF}.Debug|Any CPU.Build.0 = Debug|Any CPU
		{53DD464C-9865-43E4-A4ED-59C8CB6B46BF}.Release|Any CPU.ActiveCfg = Release|Any CPU
		{53DD464C-9865-43E4-A4ED-59C8CB6B46BF}.Release|Any CPU.Build.0 = Release|Any CPU
	EndGlobalSection
	GlobalSection(SolutionProperties) = preSolution
		HideSolutionNode = FALSE
	EndGlobalSection
	GlobalSection(ExtensibilityGlobals) = postSolution
		SolutionGuid = {F45DDCB1-FDF7-4933-9126-59D3816583A3}
	EndGlobalSection
EndGlobal
